
Microsoft Visual Studio Solution File, Format Version 12.00
# Visual Studio Version 17
VisualStudioVersion = 17.0.32014.148
MinimumVisualStudioVersion = 10.0.40219.1
Project("{FAE04EC0-301F-11D3-BF4B-00C04F79EFBC}") = "HockeyTeamSystem", "HockeyTeamSystem\HockeyTeamSystem.csproj", "{E876E2E0-DBA2-49BE-99A9-B75913BF3CF9}"
EndProject
Global
	GlobalSection(SolutionConfigurationPlatforms) = preSolution
		Debug|Any CPU = Debug|Any CPU
		Release|Any CPU = Release|Any CPU
	EndGlobalSection
	GlobalSection(ProjectConfigurationPlatforms) = postSolution
		{E876E2E0-DBA2-49BE-99A9-B75913BF3CF9}.Debug|Any CPU.ActiveCfg = Debug|Any CPU
		{E876E2E0-DBA2-49BE-99A9-B75913BF3CF9}.Debug|Any CPU.Build.0 = Debug|Any CPU
		{E876E2E0-DBA2-49BE-99A9-B75913BF3CF9}.Release|Any CPU.ActiveCfg = Release|Any CPU
		{E876E2E0-DBA2-49BE-99A9-B75913BF3CF9}.Release|Any CPU.Build.0 = Release|Any CPU
	EndGlobalSection
	GlobalSection(SolutionProperties) = preSolution
		HideSolutionNode = FALSE
	EndGlobalSection
	GlobalSection(ExtensibilityGlobals) = postSolution
		SolutionGuid = {0BF54972-1267-473F-BF0E-EADD0029AE7E}
	EndGlobalSection
EndGlobal
