
Microsoft Visual Studio Solution File, Format Version 12.00
# Visual Studio Version 17
VisualStudioVersion = 17.0.32014.148
MinimumVisualStudioVersion = 10.0.40219.1
Project("{FAE04EC0-301F-11D3-BF4B-00C04F79EFBC}") = "OOPCommitTry", "OOPCommitTry\OOPCommitTry.csproj", "{7C111C12-6416-40E4-8FC2-1AD67E4073C6}"
EndProject
Global
	GlobalSection(SolutionConfigurationPlatforms) = preSolution
		Debug|Any CPU = Debug|Any CPU
		Release|Any CPU = Release|Any CPU
	EndGlobalSection
	GlobalSection(ProjectConfigurationPlatforms) = postSolution
		{7C111C12-6416-40E4-8FC2-1AD67E4073C6}.Debug|Any CPU.ActiveCfg = Debug|Any CPU
		{7C111C12-6416-40E4-8FC2-1AD67E4073C6}.Debug|Any CPU.Build.0 = Debug|Any CPU
		{7C111C12-6416-40E4-8FC2-1AD67E4073C6}.Release|Any CPU.ActiveCfg = Release|Any CPU
		{7C111C12-6416-40E4-8FC2-1AD67E4073C6}.Release|Any CPU.Build.0 = Release|Any CPU
	EndGlobalSection
	GlobalSection(SolutionProperties) = preSolution
		HideSolutionNode = FALSE
	EndGlobalSection
	GlobalSection(ExtensibilityGlobals) = postSolution
		SolutionGuid = {2104691C-E942-44B0-990E-6E2FBC07210D}
	EndGlobalSection
EndGlobal
